
Microsoft Visual Studio Solution File, Format Version 12.00
# Visual Studio Version 17
VisualStudioVersion = 17.4.33122.133
MinimumVisualStudioVersion = 10.0.40219.1
Project("{2150E333-8FDC-42A3-9474-1A3956D46DE8}") = "Aplicacao", "Aplicacao", "{2BC5BC37-73AD-4BCD-A10E-F21F206ED793}"
EndProject
Project("{2150E333-8FDC-42A3-9474-1A3956D46DE8}") = "Interface", "Interface", "{5083600B-AE88-41FC-A576-2E5A62E1CC8F}"
EndProject
Project("{2150E333-8FDC-42A3-9474-1A3956D46DE8}") = "Infraestrutura", "Infraestrutura", "{4E8D2651-99A0-4BA3-BF9D-A8DDE45CCF58}"
EndProject
Project("{2150E333-8FDC-42A3-9474-1A3956D46DE8}") = "Dominio", "Dominio", "{BC4EA624-A8E8-4F87-8701-A9D8C2BF7DA1}"
EndProject
Project("{9A19103F-16F7-4668-BE54-9A1E7A4F7556}") = "Dominio", "Dominio\Dominio.csproj", "{A2784E7A-CAE6-4DF6-A9A7-436A3E3F5428}"
EndProject
Project("{2150E333-8FDC-42A3-9474-1A3956D46DE8}") = "Testes", "Testes", "{6EECC363-65FB-4DE4-9647-B897F73D2DB4}"
EndProject
Project("{9A19103F-16F7-4668-BE54-9A1E7A4F7556}") = "TesteUnitario", "TesteUnitario\TesteUnitario.csproj", "{537D3E71-AEB6-49E0-8D8F-5BCB4B3127ED}"
	ProjectSection(ProjectDependencies) = postProject
		{58B688DD-6729-4FC6-9129-270BED68705D} = {58B688DD-6729-4FC6-9129-270BED68705D}
	EndProjectSection
EndProject
Project("{9A19103F-16F7-4668-BE54-9A1E7A4F7556}") = "Infraestrutura.Data", "Infraestrutura\Infraestrutura.Data.csproj", "{8A208679-698E-46DB-AA5E-C8926111A212}"
EndProject
Project("{9A19103F-16F7-4668-BE54-9A1E7A4F7556}") = "API", "API\API.csproj", "{70825EDB-44B4-428A-906E-FDB9CA0BE7FB}"
EndProject
Project("{9A19103F-16F7-4668-BE54-9A1E7A4F7556}") = "Servicos", "Servicos\Servicos.csproj", "{58B688DD-6729-4FC6-9129-270BED68705D}"
EndProject
Global
	GlobalSection(SolutionConfigurationPlatforms) = preSolution
		Debug|Any CPU = Debug|Any CPU
		Release|Any CPU = Release|Any CPU
	EndGlobalSection
	GlobalSection(ProjectConfigurationPlatforms) = postSolution
		{A2784E7A-CAE6-4DF6-A9A7-436A3E3F5428}.Debug|Any CPU.ActiveCfg = Debug|Any CPU
		{A2784E7A-CAE6-4DF6-A9A7-436A3E3F5428}.Debug|Any CPU.Build.0 = Debug|Any CPU
		{A2784E7A-CAE6-4DF6-A9A7-436A3E3F5428}.Release|Any CPU.ActiveCfg = Release|Any CPU
		{A2784E7A-CAE6-4DF6-A9A7-436A3E3F5428}.Release|Any CPU.Build.0 = Release|Any CPU
		{537D3E71-AEB6-49E0-8D8F-5BCB4B3127ED}.Debug|Any CPU.ActiveCfg = Debug|Any CPU
		{537D3E71-AEB6-49E0-8D8F-5BCB4B3127ED}.Debug|Any CPU.Build.0 = Debug|Any CPU
		{537D3E71-AEB6-49E0-8D8F-5BCB4B3127ED}.Release|Any CPU.ActiveCfg = Release|Any CPU
		{537D3E71-AEB6-49E0-8D8F-5BCB4B3127ED}.Release|Any CPU.Build.0 = Release|Any CPU
		{8A208679-698E-46DB-AA5E-C8926111A212}.Debug|Any CPU.ActiveCfg = Debug|Any CPU
		{8A208679-698E-46DB-AA5E-C8926111A212}.Debug|Any CPU.Build.0 = Debug|Any CPU
		{8A208679-698E-46DB-AA5E-C8926111A212}.Release|Any CPU.ActiveCfg = Release|Any CPU
		{8A208679-698E-46DB-AA5E-C8926111A212}.Release|Any CPU.Build.0 = Release|Any CPU
		{70825EDB-44B4-428A-906E-FDB9CA0BE7FB}.Debug|Any CPU.ActiveCfg = Debug|Any CPU
		{70825EDB-44B4-428A-906E-FDB9CA0BE7FB}.Debug|Any CPU.Build.0 = Debug|Any CPU
		{70825EDB-44B4-428A-906E-FDB9CA0BE7FB}.Release|Any CPU.ActiveCfg = Release|Any CPU
		{70825EDB-44B4-428A-906E-FDB9CA0BE7FB}.Release|Any CPU.Build.0 = Release|Any CPU
		{58B688DD-6729-4FC6-9129-270BED68705D}.Debug|Any CPU.ActiveCfg = Debug|Any CPU
		{58B688DD-6729-4FC6-9129-270BED68705D}.Debug|Any CPU.Build.0 = Debug|Any CPU
		{58B688DD-6729-4FC6-9129-270BED68705D}.Release|Any CPU.ActiveCfg = Release|Any CPU
		{58B688DD-6729-4FC6-9129-270BED68705D}.Release|Any CPU.Build.0 = Release|Any CPU
	EndGlobalSection
	GlobalSection(SolutionProperties) = preSolution
		HideSolutionNode = FALSE
	EndGlobalSection
	GlobalSection(NestedProjects) = preSolution
		{A2784E7A-CAE6-4DF6-A9A7-436A3E3F5428} = {BC4EA624-A8E8-4F87-8701-A9D8C2BF7DA1}
		{537D3E71-AEB6-49E0-8D8F-5BCB4B3127ED} = {6EECC363-65FB-4DE4-9647-B897F73D2DB4}
		{8A208679-698E-46DB-AA5E-C8926111A212} = {4E8D2651-99A0-4BA3-BF9D-A8DDE45CCF58}
		{70825EDB-44B4-428A-906E-FDB9CA0BE7FB} = {2BC5BC37-73AD-4BCD-A10E-F21F206ED793}
		{58B688DD-6729-4FC6-9129-270BED68705D} = {4E8D2651-99A0-4BA3-BF9D-A8DDE45CCF58}
	EndGlobalSection
	GlobalSection(ExtensibilityGlobals) = postSolution
		SolutionGuid = {8B8912E5-FBA0-4EFB-8C13-8BF58BFA9A54}
	EndGlobalSection
EndGlobal
